
Microsoft Visual Studio Solution File, Format Version 12.00
# Visual Studio Version 17
VisualStudioVersion = 17.5.002.0
MinimumVisualStudioVersion = 10.0.40219.1
Project("{9A19103F-16F7-4668-BE54-9A1E7A4F7556}") = "Library", "Library\Library.csproj", "{729261D0-E8D9-4B36-9746-61E00471FF07}"
EndProject
Project("{9A19103F-16F7-4668-BE54-9A1E7A4F7556}") = "Middleware", "Middleware\Middleware.csproj", "{0BF9249E-E491-470F-A685-1A6E3C078166}"
EndProject
Project("{FAE04EC0-301F-11D3-BF4B-00C04F79EFBC}") = "UI", "UI\UI.csproj", "{9B651D0A-5DFB-4222-82ED-AEA246C4B722}"
EndProject
Global
	GlobalSection(SolutionConfigurationPlatforms) = preSolution
		Debug|Any CPU = Debug|Any CPU
		Release|Any CPU = Release|Any CPU
	EndGlobalSection
	GlobalSection(ProjectConfigurationPlatforms) = postSolution
		{729261D0-E8D9-4B36-9746-61E00471FF07}.Debug|Any CPU.ActiveCfg = Debug|Any CPU
		{729261D0-E8D9-4B36-9746-61E00471FF07}.Debug|Any CPU.Build.0 = Debug|Any CPU
		{729261D0-E8D9-4B36-9746-61E00471FF07}.Release|Any CPU.ActiveCfg = Release|Any CPU
		{729261D0-E8D9-4B36-9746-61E00471FF07}.Release|Any CPU.Build.0 = Release|Any CPU
		{0BF9249E-E491-470F-A685-1A6E3C078166}.Debug|Any CPU.ActiveCfg = Debug|Any CPU
		{0BF9249E-E491-470F-A685-1A6E3C078166}.Debug|Any CPU.Build.0 = Debug|Any CPU
		{0BF9249E-E491-470F-A685-1A6E3C078166}.Release|Any CPU.ActiveCfg = Release|Any CPU
		{0BF9249E-E491-470F-A685-1A6E3C078166}.Release|Any CPU.Build.0 = Release|Any CPU
		{9B651D0A-5DFB-4222-82ED-AEA246C4B722}.Debug|Any CPU.ActiveCfg = Debug|Any CPU
		{9B651D0A-5DFB-4222-82ED-AEA246C4B722}.Debug|Any CPU.Build.0 = Debug|Any CPU
		{9B651D0A-5DFB-4222-82ED-AEA246C4B722}.Release|Any CPU.ActiveCfg = Release|Any CPU
		{9B651D0A-5DFB-4222-82ED-AEA246C4B722}.Release|Any CPU.Build.0 = Release|Any CPU
	EndGlobalSection
	GlobalSection(SolutionProperties) = preSolution
		HideSolutionNode = FALSE
	EndGlobalSection
	GlobalSection(ExtensibilityGlobals) = postSolution
		SolutionGuid = {2FD0FA36-0887-4F35-B546-C900A04CAC4F}
	EndGlobalSection
EndGlobal
